// !$*UTF8*$!
{
	archiveVersion = 1;
	classes = {
	};
	objectVersion = 50;
	objects = {

/* Begin PBXBuildFile section */
		4D6CF1712105AA94000B355B /* AppDelegate.swift in Sources */ = {isa = PBXBuildFile; fileRef = 4D6CF1702105AA94000B355B /* AppDelegate.swift */; };
		4D6CF1732105AA94000B355B /* ViewController.swift in Sources */ = {isa = PBXBuildFile; fileRef = 4D6CF1722105AA94000B355B /* ViewController.swift */; };
		4D6CF1762105AA94000B355B /* Main.storyboard in Resources */ = {isa = PBXBuildFile; fileRef = 4D6CF1742105AA94000B355B /* Main.storyboard */; };
		4D6CF1782105AA9F000B355B /* Assets.xcassets in Resources */ = {isa = PBXBuildFile; fileRef = 4D6CF1772105AA9F000B355B /* Assets.xcassets */; };
		4D6CF17B2105AA9F000B355B /* LaunchScreen.storyboard in Resources */ = {isa = PBXBuildFile; fileRef = 4D6CF1792105AA9F000B355B /* LaunchScreen.storyboard */; };
		4DFD9E5A2106E43C000A8E6A /* ShareViewController.swift in Sources */ = {isa = PBXBuildFile; fileRef = 4DFD9E592106E43C000A8E6A /* ShareViewController.swift */; };
		4DFD9E5D2106E43C000A8E6A /* MainInterface.storyboard in Resources */ = {isa = PBXBuildFile; fileRef = 4DFD9E5B2106E43C000A8E6A /* MainInterface.storyboard */; };
		4DFD9E612106E43C000A8E6A /* ImageShareExtension.appex in Embed App Extensions */ = {isa = PBXBuildFile; fileRef = 4DFD9E572106E43C000A8E6A /* ImageShareExtension.appex */; settings = {ATTRIBUTES = (RemoveHeadersOnCopy, ); }; };
		4DFD9E8521071F5D000A8E6A /* ViewController.swift in Sources */ = {isa = PBXBuildFile; fileRef = 4D6CF1722105AA94000B355B /* ViewController.swift */; };
/* End PBXBuildFile section */

/* Begin PBXContainerItemProxy section */
		4DFD9E5F2106E43C000A8E6A /* PBXContainerItemProxy */ = {
			isa = PBXContainerItemProxy;
			containerPortal = 4D6CF1652105AA94000B355B /* Project object */;
			proxyType = 1;
			remoteGlobalIDString = 4DFD9E562106E43C000A8E6A;
			remoteInfo = ImageShareExtension;
		};
/* End PBXContainerItemProxy section */

/* Begin PBXCopyFilesBuildPhase section */
		4D6CF1942105ACD6000B355B /* Embed App Extensions */ = {
			isa = PBXCopyFilesBuildPhase;
			buildActionMask = 2147483647;
			dstPath = "";
			dstSubfolderSpec = 13;
			files = (
				4DFD9E612106E43C000A8E6A /* ImageShareExtension.appex in Embed App Extensions */,
			);
			name = "Embed App Extensions";
			runOnlyForDeploymentPostprocessing = 0;
		};
/* End PBXCopyFilesBuildPhase section */

/* Begin PBXFileReference section */
		4D6CF16D2105AA94000B355B /* RNDiOSExtension.app */ = {isa = PBXFileReference; explicitFileType = wrapper.application; includeInIndex = 0; path = RNDiOSExtension.app; sourceTree = BUILT_PRODUCTS_DIR; };
		4D6CF1702105AA94000B355B /* AppDelegate.swift */ = {isa = PBXFileReference; lastKnownFileType = sourcecode.swift; path = AppDelegate.swift; sourceTree = "<group>"; };
		4D6CF1722105AA94000B355B /* ViewController.swift */ = {isa = PBXFileReference; lastKnownFileType = sourcecode.swift; path = ViewController.swift; sourceTree = "<group>"; };
		4D6CF1752105AA94000B355B /* Base */ = {isa = PBXFileReference; lastKnownFileType = file.storyboard; name = Base; path = Base.lproj/Main.storyboard; sourceTree = "<group>"; };
		4D6CF1772105AA9F000B355B /* Assets.xcassets */ = {isa = PBXFileReference; lastKnownFileType = folder.assetcatalog; path = Assets.xcassets; sourceTree = "<group>"; };
		4D6CF17A2105AA9F000B355B /* Base */ = {isa = PBXFileReference; lastKnownFileType = file.storyboard; name = Base; path = Base.lproj/LaunchScreen.storyboard; sourceTree = "<group>"; };
		4D6CF17C2105AA9F000B355B /* Info.plist */ = {isa = PBXFileReference; lastKnownFileType = text.plist.xml; path = Info.plist; sourceTree = "<group>"; };
		4DFD9E572106E43C000A8E6A /* ImageShareExtension.appex */ = {isa = PBXFileReference; explicitFileType = "wrapper.app-extension"; includeInIndex = 0; path = ImageShareExtension.appex; sourceTree = BUILT_PRODUCTS_DIR; };
		4DFD9E592106E43C000A8E6A /* ShareViewController.swift */ = {isa = PBXFileReference; lastKnownFileType = sourcecode.swift; path = ShareViewController.swift; sourceTree = "<group>"; };
		4DFD9E5C2106E43C000A8E6A /* Base */ = {isa = PBXFileReference; lastKnownFileType = file.storyboard; name = Base; path = Base.lproj/MainInterface.storyboard; sourceTree = "<group>"; };
		4DFD9E5E2106E43C000A8E6A /* Info.plist */ = {isa = PBXFileReference; lastKnownFileType = text.plist.xml; path = Info.plist; sourceTree = "<group>"; };
		4DFD9E652106E530000A8E6A /* ImageShareExtension.entitlements */ = {isa = PBXFileReference; lastKnownFileType = text.plist.entitlements; path = ImageShareExtension.entitlements; sourceTree = "<group>"; };
/* End PBXFileReference section */

/* Begin PBXFrameworksBuildPhase section */
		4D6CF16A2105AA94000B355B /* Frameworks */ = {
			isa = PBXFrameworksBuildPhase;
			buildActionMask = 2147483647;
			files = (
			);
			runOnlyForDeploymentPostprocessing = 0;
		};
		4DFD9E542106E43C000A8E6A /* Frameworks */ = {
			isa = PBXFrameworksBuildPhase;
			buildActionMask = 2147483647;
			files = (
			);
			runOnlyForDeploymentPostprocessing = 0;
		};
/* End PBXFrameworksBuildPhase section */

/* Begin PBXGroup section */
		4D6CF1642105AA94000B355B = {
			isa = PBXGroup;
			children = (
				4D6CF16F2105AA94000B355B /* RNDiOSExtension */,
				4DFD9E582106E43C000A8E6A /* ImageShareExtension */,
				4D6CF16E2105AA94000B355B /* Products */,
			);
			sourceTree = "<group>";
		};
		4D6CF16E2105AA94000B355B /* Products */ = {
			isa = PBXGroup;
			children = (
				4D6CF16D2105AA94000B355B /* RNDiOSExtension.app */,
				4DFD9E572106E43C000A8E6A /* ImageShareExtension.appex */,
			);
			name = Products;
			sourceTree = "<group>";
		};
		4D6CF16F2105AA94000B355B /* RNDiOSExtension */ = {
			isa = PBXGroup;
			children = (
				4D6CF1702105AA94000B355B /* AppDelegate.swift */,
				4D6CF1722105AA94000B355B /* ViewController.swift */,
				4D6CF1742105AA94000B355B /* Main.storyboard */,
				4D6CF1772105AA9F000B355B /* Assets.xcassets */,
				4D6CF1792105AA9F000B355B /* LaunchScreen.storyboard */,
				4D6CF17C2105AA9F000B355B /* Info.plist */,
			);
			path = RNDiOSExtension;
			sourceTree = "<group>";
		};
		4DFD9E582106E43C000A8E6A /* ImageShareExtension */ = {
			isa = PBXGroup;
			children = (
				4DFD9E652106E530000A8E6A /* ImageShareExtension.entitlements */,
				4DFD9E592106E43C000A8E6A /* ShareViewController.swift */,
				4DFD9E5B2106E43C000A8E6A /* MainInterface.storyboard */,
				4DFD9E5E2106E43C000A8E6A /* Info.plist */,
			);
			path = ImageShareExtension;
			sourceTree = "<group>";
		};
/* End PBXGroup section */

/* Begin PBXNativeTarget section */
		4D6CF16C2105AA94000B355B /* RNDiOSExtension */ = {
			isa = PBXNativeTarget;
			buildConfigurationList = 4D6CF17F2105AA9F000B355B /* Build configuration list for PBXNativeTarget "RNDiOSExtension" */;
			buildPhases = (
				4D6CF1692105AA94000B355B /* Sources */,
				4D6CF16A2105AA94000B355B /* Frameworks */,
				4D6CF16B2105AA94000B355B /* Resources */,
				4D6CF1942105ACD6000B355B /* Embed App Extensions */,
			);
			buildRules = (
			);
			dependencies = (
				4DFD9E602106E43C000A8E6A /* PBXTargetDependency */,
			);
			name = RNDiOSExtension;
			productName = RNDiOSExtension;
			productReference = 4D6CF16D2105AA94000B355B /* RNDiOSExtension.app */;
			productType = "com.apple.product-type.application";
		};
		4DFD9E562106E43C000A8E6A /* ImageShareExtension */ = {
			isa = PBXNativeTarget;
			buildConfigurationList = 4DFD9E622106E43C000A8E6A /* Build configuration list for PBXNativeTarget "ImageShareExtension" */;
			buildPhases = (
				4DFD9E532106E43C000A8E6A /* Sources */,
				4DFD9E542106E43C000A8E6A /* Frameworks */,
				4DFD9E552106E43C000A8E6A /* Resources */,
			);
			buildRules = (
			);
			dependencies = (
			);
			name = ImageShareExtension;
			productName = ImageShareExtension;
			productReference = 4DFD9E572106E43C000A8E6A /* ImageShareExtension.appex */;
			productType = "com.apple.product-type.app-extension";
		};
/* End PBXNativeTarget section */

/* Begin PBXProject section */
		4D6CF1652105AA94000B355B /* Project object */ = {
			isa = PBXProject;
			attributes = {
				LastSwiftUpdateCheck = 0940;
				LastUpgradeCheck = 0940;
				ORGANIZATIONNAME = sulayman;
				TargetAttributes = {
					4D6CF16C2105AA94000B355B = {
						CreatedOnToolsVersion = 9.4.1;
					};
					4DFD9E562106E43C000A8E6A = {
						CreatedOnToolsVersion = 9.4.1;
						SystemCapabilities = {
							com.apple.ApplicationGroups.iOS = {
								enabled = 1;
							};
						};
					};
				};
			};
			buildConfigurationList = 4D6CF1682105AA94000B355B /* Build configuration list for PBXProject "RNDiOSExtension" */;
			compatibilityVersion = "Xcode 9.3";
			developmentRegion = en;
			hasScannedForEncodings = 0;
			knownRegions = (
				en,
				Base,
			);
			mainGroup = 4D6CF1642105AA94000B355B;
			productRefGroup = 4D6CF16E2105AA94000B355B /* Products */;
			projectDirPath = "";
			projectRoot = "";
			targets = (
				4D6CF16C2105AA94000B355B /* RNDiOSExtension */,
				4DFD9E562106E43C000A8E6A /* ImageShareExtension */,
			);
		};
/* End PBXProject section */

/* Begin PBXResourcesBuildPhase section */
		4D6CF16B2105AA94000B355B /* Resources */ = {
			isa = PBXResourcesBuildPhase;
			buildActionMask = 2147483647;
			files = (
				4D6CF17B2105AA9F000B355B /* LaunchScreen.storyboard in Resources */,
				4D6CF1782105AA9F000B355B /* Assets.xcassets in Resources */,
				4D6CF1762105AA94000B355B /* Main.storyboard in Resources */,
			);
			runOnlyForDeploymentPostprocessing = 0;
		};
		4DFD9E552106E43C000A8E6A /* Resources */ = {
			isa = PBXResourcesBuildPhase;
			buildActionMask = 2147483647;
			files = (
				4DFD9E5D2106E43C000A8E6A /* MainInterface.storyboard in Resources */,
			);
			runOnlyForDeploymentPostprocessing = 0;
		};
/* End PBXResourcesBuildPhase section */

/* Begin PBXSourcesBuildPhase section */
		4D6CF1692105AA94000B355B /* Sources */ = {
			isa = PBXSourcesBuildPhase;
			buildActionMask = 2147483647;
			files = (
				4D6CF1732105AA94000B355B /* ViewController.swift in Sources */,
				4D6CF1712105AA94000B355B /* AppDelegate.swift in Sources */,
			);
			runOnlyForDeploymentPostprocessing = 0;
		};
		4DFD9E532106E43C000A8E6A /* Sources */ = {
			isa = PBXSourcesBuildPhase;
			buildActionMask = 2147483647;
			files = (
				4DFD9E8521071F5D000A8E6A /* ViewController.swift in Sources */,
				4DFD9E5A2106E43C000A8E6A /* ShareViewController.swift in Sources */,
			);
			runOnlyForDeploymentPostprocessing = 0;
		};
/* End PBXSourcesBuildPhase section */

/* Begin PBXTargetDependency section */
		4DFD9E602106E43C000A8E6A /* PBXTargetDependency */ = {
			isa = PBXTargetDependency;
			target = 4DFD9E562106E43C000A8E6A /* ImageShareExtension */;
			targetProxy = 4DFD9E5F2106E43C000A8E6A /* PBXContainerItemProxy */;
		};
/* End PBXTargetDependency section */

/* Begin PBXVariantGroup section */
		4D6CF1742105AA94000B355B /* Main.storyboard */ = {
			isa = PBXVariantGroup;
			children = (
				4D6CF1752105AA94000B355B /* Base */,
			);
			name = Main.storyboard;
			sourceTree = "<group>";
		};
		4D6CF1792105AA9F000B355B /* LaunchScreen.storyboard */ = {
			isa = PBXVariantGroup;
			children = (
				4D6CF17A2105AA9F000B355B /* Base */,
			);
			name = LaunchScreen.storyboard;
			sourceTree = "<group>";
		};
		4DFD9E5B2106E43C000A8E6A /* MainInterface.storyboard */ = {
			isa = PBXVariantGroup;
			children = (
				4DFD9E5C2106E43C000A8E6A /* Base */,
			);
			name = MainInterface.storyboard;
			sourceTree = "<group>";
		};
/* End PBXVariantGroup section */

/* Begin XCBuildConfiguration section */
		4D6CF17D2105AA9F000B355B /* Debug */ = {
			isa = XCBuildConfiguration;
			buildSettings = {
				ALWAYS_SEARCH_USER_PATHS = NO;
				CLANG_ANALYZER_NONNULL = YES;
				CLANG_ANALYZER_NUMBER_OBJECT_CONVERSION = YES_AGGRESSIVE;
				CLANG_CXX_LANGUAGE_STANDARD = "gnu++14";
				CLANG_CXX_LIBRARY = "libc++";
				CLANG_ENABLE_MODULES = YES;
				CLANG_ENABLE_OBJC_ARC = YES;
				CLANG_ENABLE_OBJC_WEAK = YES;
				CLANG_WARN_BLOCK_CAPTURE_AUTORELEASING = YES;
				CLANG_WARN_BOOL_CONVERSION = YES;
				CLANG_WARN_COMMA = YES;
				CLANG_WARN_CONSTANT_CONVERSION = YES;
				CLANG_WARN_DEPRECATED_OBJC_IMPLEMENTATIONS = YES;
				CLANG_WARN_DIRECT_OBJC_ISA_USAGE = YES_ERROR;
				CLANG_WARN_DOCUMENTATION_COMMENTS = YES;
				CLANG_WARN_EMPTY_BODY = YES;
				CLANG_WARN_ENUM_CONVERSION = YES;
				CLANG_WARN_INFINITE_RECURSION = YES;
				CLANG_WARN_INT_CONVERSION = YES;
				CLANG_WARN_NON_LITERAL_NULL_CONVERSION = YES;
				CLANG_WARN_OBJC_IMPLICIT_RETAIN_SELF = YES;
				CLANG_WARN_OBJC_LITERAL_CONVERSION = YES;
				CLANG_WARN_OBJC_ROOT_CLASS = YES_ERROR;
				CLANG_WARN_RANGE_LOOP_ANALYSIS = YES;
				CLANG_WARN_STRICT_PROTOTYPES = YES;
				CLANG_WARN_SUSPICIOUS_MOVE = YES;
				CLANG_WARN_UNGUARDED_AVAILABILITY = YES_AGGRESSIVE;
				CLANG_WARN_UNREACHABLE_CODE = YES;
				CLANG_WARN__DUPLICATE_METHOD_MATCH = YES;
				CODE_SIGN_IDENTITY = "iPhone Developer";
				COPY_PHASE_STRIP = NO;
				DEBUG_INFORMATION_FORMAT = dwarf;
				ENABLE_STRICT_OBJC_MSGSEND = YES;
				ENABLE_TESTABILITY = YES;
				GCC_C_LANGUAGE_STANDARD = gnu11;
				GCC_DYNAMIC_NO_PIC = NO;
				GCC_NO_COMMON_BLOCKS = YES;
				GCC_OPTIMIZATION_LEVEL = 0;
				GCC_PREPROCESSOR_DEFINITIONS = (
					"DEBUG=1",
					"$(inherited)",
				);
				GCC_WARN_64_TO_32_BIT_CONVERSION = YES;
				GCC_WARN_ABOUT_RETURN_TYPE = YES_ERROR;
				GCC_WARN_UNDECLARED_SELECTOR = YES;
				GCC_WARN_UNINITIALIZED_AUTOS = YES_AGGRESSIVE;
				GCC_WARN_UNUSED_FUNCTION = YES;
				GCC_WARN_UNUSED_VARIABLE = YES;
				IPHONEOS_DEPLOYMENT_TARGET = 8.0;
				MTL_ENABLE_DEBUG_INFO = YES;
				ONLY_ACTIVE_ARCH = YES;
				SDKROOT = iphoneos;
				SWIFT_ACTIVE_COMPILATION_CONDITIONS = DEBUG;
				SWIFT_OPTIMIZATION_LEVEL = "-Onone";
			};
			name = Debug;
		};
		4D6CF17E2105AA9F000B355B /* Release */ = {
			isa = XCBuildConfiguration;
			buildSettings = {
				ALWAYS_SEARCH_USER_PATHS = NO;
				CLANG_ANALYZER_NONNULL = YES;
				CLANG_ANALYZER_NUMBER_OBJECT_CONVERSION = YES_AGGRESSIVE;
				CLANG_CXX_LANGUAGE_STANDARD = "gnu++14";
				CLANG_CXX_LIBRARY = "libc++";
				CLANG_ENABLE_MODULES = YES;
				CLANG_ENABLE_OBJC_ARC = YES;
				CLANG_ENABLE_OBJC_WEAK = YES;
				CLANG_WARN_BLOCK_CAPTURE_AUTORELEASING = YES;
				CLANG_WARN_BOOL_CONVERSION = YES;
				CLANG_WARN_COMMA = YES;
				CLANG_WARN_CONSTANT_CONVERSION = YES;
				CLANG_WARN_DEPRECATED_OBJC_IMPLEMENTATIONS = YES;
				CLANG_WARN_DIRECT_OBJC_ISA_USAGE = YES_ERROR;
				CLANG_WARN_DOCUMENTATION_COMMENTS = YES;
				CLANG_WARN_EMPTY_BODY = YES;
				CLANG_WARN_ENUM_CONVERSION = YES;
				CLANG_WARN_INFINITE_RECURSION = YES;
				CLANG_WARN_INT_CONVERSION = YES;
				CLANG_WARN_NON_LITERAL_NULL_CONVERSION = YES;
				CLANG_WARN_OBJC_IMPLICIT_RETAIN_SELF = YES;
				CLANG_WARN_OBJC_LITERAL_CONVERSION = YES;
				CLANG_WARN_OBJC_ROOT_CLASS = YES_ERROR;
				CLANG_WARN_RANGE_LOOP_ANALYSIS = YES;
				CLANG_WARN_STRICT_PROTOTYPES = YES;
				CLANG_WARN_SUSPICIOUS_MOVE = YES;
				CLANG_WARN_UNGUARDED_AVAILABILITY = YES_AGGRESSIVE;
				CLANG_WARN_UNREACHABLE_CODE = YES;
				CLANG_WARN__DUPLICATE_METHOD_MATCH = YES;
				CODE_SIGN_IDENTITY = "iPhone Developer";
				COPY_PHASE_STRIP = NO;
				DEBUG_INFORMATION_FORMAT = "dwarf-with-dsym";
				ENABLE_NS_ASSERTIONS = NO;
				ENABLE_STRICT_OBJC_MSGSEND = YES;
				GCC_C_LANGUAGE_STANDARD = gnu11;
				GCC_NO_COMMON_BLOCKS = YES;
				GCC_WARN_64_TO_32_BIT_CONVERSION = YES;
				GCC_WARN_ABOUT_RETURN_TYPE = YES_ERROR;
				GCC_WARN_UNDECLARED_SELECTOR = YES;
				GCC_WARN_UNINITIALIZED_AUTOS = YES_AGGRESSIVE;
				GCC_WARN_UNUSED_FUNCTION = YES;
				GCC_WARN_UNUSED_VARIABLE = YES;
				IPHONEOS_DEPLOYMENT_TARGET = 8.0;
				MTL_ENABLE_DEBUG_INFO = NO;
				SDKROOT = iphoneos;
				SWIFT_COMPILATION_MODE = wholemodule;
				SWIFT_OPTIMIZATION_LEVEL = "-O";
				VALIDATE_PRODUCT = YES;
			};
			name = Release;
		};
		4D6CF1802105AA9F000B355B /* Debug */ = {
			isa = XCBuildConfiguration;
			buildSettings = {
				ALWAYS_EMBED_SWIFT_STANDARD_LIBRARIES = YES;
				APPLICATION_EXTENSION_API_ONLY = NO;
				ASSETCATALOG_COMPILER_APPICON_NAME = AppIcon;
				CODE_SIGN_STYLE = Automatic;
				DEVELOPMENT_TEAM = C2Y54NGRZW;
				INFOPLIST_FILE = RNDiOSExtension/Info.plist;
				IPHONEOS_DEPLOYMENT_TARGET = 8.0;
				LD_RUNPATH_SEARCH_PATHS = (
					"$(inherited)",
					"@executable_path/Frameworks",
				);
				PRODUCT_BUNDLE_IDENTIFIER = com.monstarlabbd.RNDiOSExtension;
				PRODUCT_NAME = "$(TARGET_NAME)";
				SWIFT_VERSION = 4.0;
				TARGETED_DEVICE_FAMILY = 1;
			};
			name = Debug;
		};
		4D6CF1812105AA9F000B355B /* Release */ = {
			isa = XCBuildConfiguration;
			buildSettings = {
				ALWAYS_EMBED_SWIFT_STANDARD_LIBRARIES = YES;
				APPLICATION_EXTENSION_API_ONLY = NO;
				ASSETCATALOG_COMPILER_APPICON_NAME = AppIcon;
				CODE_SIGN_STYLE = Automatic;
				DEVELOPMENT_TEAM = C2Y54NGRZW;
				INFOPLIST_FILE = RNDiOSExtension/Info.plist;
				IPHONEOS_DEPLOYMENT_TARGET = 8.0;
				LD_RUNPATH_SEARCH_PATHS = (
					"$(inherited)",
					"@executable_path/Frameworks",
				);
				PRODUCT_BUNDLE_IDENTIFIER = com.monstarlabbd.RNDiOSExtension;
				PRODUCT_NAME = "$(TARGET_NAME)";
				SWIFT_VERSION = 4.0;
				TARGETED_DEVICE_FAMILY = 1;
			};
			name = Release;
		};
		4DFD9E632106E43C000A8E6A /* Debug */ = {
			isa = XCBuildConfiguration;
			buildSettings = {
				APPLICATION_EXTENSION_API_ONLY = NO;
				CODE_SIGN_ENTITLEMENTS = ImageShareExtension/ImageShareExtension.entitlements;
				CODE_SIGN_STYLE = Automatic;
				DEVELOPMENT_TEAM = C2Y54NGRZW;
				INFOPLIST_FILE = ImageShareExtension/Info.plist;
				IPHONEOS_DEPLOYMENT_TARGET = 8.0;
				LD_RUNPATH_SEARCH_PATHS = (
					"$(inherited)",
					"@executable_path/Frameworks",
					"@executable_path/../../Frameworks",
				);
				PRODUCT_BUNDLE_IDENTIFIER = com.monstarlabbd.RNDiOSExtension.ImageShareExtension;
				PRODUCT_NAME = "$(TARGET_NAME)";
				SKIP_INSTALL = YES;
				SWIFT_VERSION = 4.0;
				TARGETED_DEVICE_FAMILY = "1,2";
			};
			name = Debug;
		};
		4DFD9E642106E43C000A8E6A /* Release */ = {
			isa = XCBuildConfiguration;
			buildSettings = {
				APPLICATION_EXTENSION_API_ONLY = NO;
				CODE_SIGN_ENTITLEMENTS = ImageShareExtension/ImageShareExtension.entitlements;
				CODE_SIGN_STYLE = Automatic;
				DEVELOPMENT_TEAM = C2Y54NGRZW;
				INFOPLIST_FILE = ImageShareExtension/Info.plist;
				IPHONEOS_DEPLOYMENT_TARGET = 8.0;
				LD_RUNPATH_SEARCH_PATHS = (
					"$(inherited)",
					"@executable_path/Frameworks",
					"@executable_path/../../Frameworks",
				);
				PRODUCT_BUNDLE_IDENTIFIER = com.monstarlabbd.RNDiOSExtension.ImageShareExtension;
				PRODUCT_NAME = "$(TARGET_NAME)";
				SKIP_INSTALL = YES;
				SWIFT_VERSION = 4.0;
				TARGETED_DEVICE_FAMILY = "1,2";
			};
			name = Release;
		};
/* End XCBuildConfiguration section */

/* Begin XCConfigurationList section */
		4D6CF1682105AA94000B355B /* Build configuration list for PBXProject "RNDiOSExtension" */ = {
			isa = XCConfigurationList;
			buildConfigurations = (
				4D6CF17D2105AA9F000B355B /* Debug */,
				4D6CF17E2105AA9F000B355B /* Release */,
			);
			defaultConfigurationIsVisible = 0;
			defaultConfigurationName = Release;
		};
		4D6CF17F2105AA9F000B355B /* Build configuration list for PBXNativeTarget "RNDiOSExtension" */ = {
			isa = XCConfigurationList;
			buildConfigurations = (
				4D6CF1802105AA9F000B355B /* Debug */,
				4D6CF1812105AA9F000B355B /* Release */,
			);
			defaultConfigurationIsVisible = 0;
			defaultConfigurationName = Release;
		};
		4DFD9E622106E43C000A8E6A /* Build configuration list for PBXNativeTarget "ImageShareExtension" */ = {
			isa = XCConfigurationList;
			buildConfigurations = (
				4DFD9E632106E43C000A8E6A /* Debug */,
				4DFD9E642106E43C000A8E6A /* Release */,
			);
			defaultConfigurationIsVisible = 0;
			defaultConfigurationName = Release;
		};
/* End XCConfigurationList section */
	};
	rootObject = 4D6CF1652105AA94000B355B /* Project object */;
}
